
Microsoft Visual Studio Solution File, Format Version 12.00
# Visual Studio 15
Project("{FAE04EC0-301F-11D3-BF4B-00C04F79EFBC}") = "AdventOfCode2020", "AdventOfCode2020\AdventOfCode2020.csproj", "{FB188EDB-E83E-42A4-812B-AD258561E6BF}"
EndProject
Global
	GlobalSection(SolutionConfigurationPlatforms) = preSolution
		Debug|Any CPU = Debug|Any CPU
		Release|Any CPU = Release|Any CPU
	EndGlobalSection
	GlobalSection(ProjectConfigurationPlatforms) = postSolution
		{FB188EDB-E83E-42A4-812B-AD258561E6BF}.Debug|Any CPU.ActiveCfg = Debug|Any CPU
		{FB188EDB-E83E-42A4-812B-AD258561E6BF}.Debug|Any CPU.Build.0 = Debug|Any CPU
		{FB188EDB-E83E-42A4-812B-AD258561E6BF}.Release|Any CPU.ActiveCfg = Release|Any CPU
		{FB188EDB-E83E-42A4-812B-AD258561E6BF}.Release|Any CPU.Build.0 = Release|Any CPU
	EndGlobalSection
EndGlobal
